
Microsoft Visual Studio Solution File, Format Version 12.00
# Visual Studio Version 16
VisualStudioVersion = 16.0.29009.5
MinimumVisualStudioVersion = 10.0.40219.1
Project("{2150E333-8FDC-42A3-9474-1A3956D46DE8}") = "01-UI", "01-UI", "{B42FE960-C1D4-431D-A4B3-56E035595CC1}"
EndProject
Project("{2150E333-8FDC-42A3-9474-1A3956D46DE8}") = "02-APPLICATION", "02-APPLICATION", "{0347376A-F70D-4C74-A95A-0F9392E821AD}"
EndProject
Project("{2150E333-8FDC-42A3-9474-1A3956D46DE8}") = "03-DOMAIN", "03-DOMAIN", "{01D86437-9452-4E08-A93A-0BD5BDC017B1}"
EndProject
Project("{2150E333-8FDC-42A3-9474-1A3956D46DE8}") = "04-INFRA", "04-INFRA", "{36B71E7B-E89F-4305-8E6D-274EC087FC00}"
EndProject
Project("{9A19103F-16F7-4668-BE54-9A1E7A4F7556}") = "LivrariaDDD.Domain", "LivrariaDDD.Domain\LivrariaDDD.Domain.csproj", "{D90ED547-72ED-4592-B092-FBA046122206}"
EndProject
Project("{9A19103F-16F7-4668-BE54-9A1E7A4F7556}") = "LivrariaDDD.Data", "LivrariaDDD.Data\LivrariaDDD.Data.csproj", "{52DF19F3-603B-42B5-BD06-970E65E83964}"
EndProject
Project("{9A19103F-16F7-4668-BE54-9A1E7A4F7556}") = "UTDDD", "UTDDD\UTDDD.csproj", "{981A13A9-803A-43E4-A680-845FE37B7A66}"
EndProject
Project("{9A19103F-16F7-4668-BE54-9A1E7A4F7556}") = "LivrariaDDD.Application", "LivrariaDDD.Application\LivrariaDDD.Application.csproj", "{DDCEA87B-C425-4BED-8DAA-40AB3F9DAAEF}"
EndProject
Project("{9A19103F-16F7-4668-BE54-9A1E7A4F7556}") = "LivrariaDDD.Web", "LivrariaDDD.Web\LivrariaDDD.Web.csproj", "{A42F7BE5-8FE1-413F-9170-4C723BC1C744}"
EndProject
Global
	GlobalSection(SolutionConfigurationPlatforms) = preSolution
		Debug|Any CPU = Debug|Any CPU
		Release|Any CPU = Release|Any CPU
	EndGlobalSection
	GlobalSection(ProjectConfigurationPlatforms) = postSolution
		{D90ED547-72ED-4592-B092-FBA046122206}.Debug|Any CPU.ActiveCfg = Debug|Any CPU
		{D90ED547-72ED-4592-B092-FBA046122206}.Debug|Any CPU.Build.0 = Debug|Any CPU
		{D90ED547-72ED-4592-B092-FBA046122206}.Release|Any CPU.ActiveCfg = Release|Any CPU
		{D90ED547-72ED-4592-B092-FBA046122206}.Release|Any CPU.Build.0 = Release|Any CPU
		{52DF19F3-603B-42B5-BD06-970E65E83964}.Debug|Any CPU.ActiveCfg = Debug|Any CPU
		{52DF19F3-603B-42B5-BD06-970E65E83964}.Debug|Any CPU.Build.0 = Debug|Any CPU
		{52DF19F3-603B-42B5-BD06-970E65E83964}.Release|Any CPU.ActiveCfg = Release|Any CPU
		{52DF19F3-603B-42B5-BD06-970E65E83964}.Release|Any CPU.Build.0 = Release|Any CPU
		{981A13A9-803A-43E4-A680-845FE37B7A66}.Debug|Any CPU.ActiveCfg = Debug|Any CPU
		{981A13A9-803A-43E4-A680-845FE37B7A66}.Debug|Any CPU.Build.0 = Debug|Any CPU
		{981A13A9-803A-43E4-A680-845FE37B7A66}.Release|Any CPU.ActiveCfg = Release|Any CPU
		{981A13A9-803A-43E4-A680-845FE37B7A66}.Release|Any CPU.Build.0 = Release|Any CPU
		{DDCEA87B-C425-4BED-8DAA-40AB3F9DAAEF}.Debug|Any CPU.ActiveCfg = Debug|Any CPU
		{DDCEA87B-C425-4BED-8DAA-40AB3F9DAAEF}.Debug|Any CPU.Build.0 = Debug|Any CPU
		{DDCEA87B-C425-4BED-8DAA-40AB3F9DAAEF}.Release|Any CPU.ActiveCfg = Release|Any CPU
		{DDCEA87B-C425-4BED-8DAA-40AB3F9DAAEF}.Release|Any CPU.Build.0 = Release|Any CPU
		{A42F7BE5-8FE1-413F-9170-4C723BC1C744}.Debug|Any CPU.ActiveCfg = Debug|Any CPU
		{A42F7BE5-8FE1-413F-9170-4C723BC1C744}.Debug|Any CPU.Build.0 = Debug|Any CPU
		{A42F7BE5-8FE1-413F-9170-4C723BC1C744}.Release|Any CPU.ActiveCfg = Release|Any CPU
		{A42F7BE5-8FE1-413F-9170-4C723BC1C744}.Release|Any CPU.Build.0 = Release|Any CPU
	EndGlobalSection
	GlobalSection(SolutionProperties) = preSolution
		HideSolutionNode = FALSE
	EndGlobalSection
	GlobalSection(NestedProjects) = preSolution
		{D90ED547-72ED-4592-B092-FBA046122206} = {01D86437-9452-4E08-A93A-0BD5BDC017B1}
		{52DF19F3-603B-42B5-BD06-970E65E83964} = {36B71E7B-E89F-4305-8E6D-274EC087FC00}
		{981A13A9-803A-43E4-A680-845FE37B7A66} = {36B71E7B-E89F-4305-8E6D-274EC087FC00}
		{DDCEA87B-C425-4BED-8DAA-40AB3F9DAAEF} = {0347376A-F70D-4C74-A95A-0F9392E821AD}
		{A42F7BE5-8FE1-413F-9170-4C723BC1C744} = {B42FE960-C1D4-431D-A4B3-56E035595CC1}
	EndGlobalSection
	GlobalSection(ExtensibilityGlobals) = postSolution
		SolutionGuid = {90551DA9-317B-4ECD-A874-100957A5443A}
	EndGlobalSection
EndGlobal
